
Microsoft Visual Studio Solution File, Format Version 12.00
# Visual Studio 15
VisualStudioVersion = 15.0.27428.2027
MinimumVisualStudioVersion = 10.0.40219.1
Project("{FAE04EC0-301F-11D3-BF4B-00C04F79EFBC}") = "DOM-manipulation", "DOM-manipulation\DOM-manipulation.csproj", "{A2782AD3-959C-41A6-A3B9-B49E62399BAB}"
EndProject
Global
	GlobalSection(SolutionConfigurationPlatforms) = preSolution
		Debug|Any CPU = Debug|Any CPU
		Release|Any CPU = Release|Any CPU
	EndGlobalSection
	GlobalSection(ProjectConfigurationPlatforms) = postSolution
		{A2782AD3-959C-41A6-A3B9-B49E62399BAB}.Debug|Any CPU.ActiveCfg = Debug|Any CPU
		{A2782AD3-959C-41A6-A3B9-B49E62399BAB}.Debug|Any CPU.Build.0 = Debug|Any CPU
		{A2782AD3-959C-41A6-A3B9-B49E62399BAB}.Release|Any CPU.ActiveCfg = Release|Any CPU
		{A2782AD3-959C-41A6-A3B9-B49E62399BAB}.Release|Any CPU.Build.0 = Release|Any CPU
	EndGlobalSection
	GlobalSection(SolutionProperties) = preSolution
		HideSolutionNode = FALSE
	EndGlobalSection
	GlobalSection(ExtensibilityGlobals) = postSolution
		SolutionGuid = {116262B6-65E2-43BC-B012-0A89BFE0E1EB}
	EndGlobalSection
EndGlobal
